
Microsoft Visual Studio Solution File, Format Version 12.00
# Visual Studio Version 17
VisualStudioVersion = 17.13.35806.99
MinimumVisualStudioVersion = 10.0.40219.1
Project("{00D1A9C2-B5F0-4AF3-8072-F6C62B433612}") = "ECommerce_Sql_Queries", "ECommerce_Sql_Queries\ECommerce_Sql_Queries.sqlproj", "{0E2B4BB7-BAAE-4E21-903B-5949B481A41A}"
EndProject
Project("{FAE04EC0-301F-11D3-BF4B-00C04F79EFBC}") = "ECommerce_Web", "ECommerce_Web\ECommerce_Web.csproj", "{AB2A4BFB-EF7F-4834-9A53-9F4F215F21C8}"
EndProject
Global
	GlobalSection(SolutionConfigurationPlatforms) = preSolution
		Debug|Any CPU = Debug|Any CPU
		Release|Any CPU = Release|Any CPU
	EndGlobalSection
	GlobalSection(ProjectConfigurationPlatforms) = postSolution
		{0E2B4BB7-BAAE-4E21-903B-5949B481A41A}.Debug|Any CPU.ActiveCfg = Debug|Any CPU
		{0E2B4BB7-BAAE-4E21-903B-5949B481A41A}.Debug|Any CPU.Build.0 = Debug|Any CPU
		{0E2B4BB7-BAAE-4E21-903B-5949B481A41A}.Debug|Any CPU.Deploy.0 = Debug|Any CPU
		{0E2B4BB7-BAAE-4E21-903B-5949B481A41A}.Release|Any CPU.ActiveCfg = Release|Any CPU
		{0E2B4BB7-BAAE-4E21-903B-5949B481A41A}.Release|Any CPU.Build.0 = Release|Any CPU
		{0E2B4BB7-BAAE-4E21-903B-5949B481A41A}.Release|Any CPU.Deploy.0 = Release|Any CPU
		{AB2A4BFB-EF7F-4834-9A53-9F4F215F21C8}.Debug|Any CPU.ActiveCfg = Debug|Any CPU
		{AB2A4BFB-EF7F-4834-9A53-9F4F215F21C8}.Debug|Any CPU.Build.0 = Debug|Any CPU
		{AB2A4BFB-EF7F-4834-9A53-9F4F215F21C8}.Release|Any CPU.ActiveCfg = Release|Any CPU
		{AB2A4BFB-EF7F-4834-9A53-9F4F215F21C8}.Release|Any CPU.Build.0 = Release|Any CPU
	EndGlobalSection
	GlobalSection(SolutionProperties) = preSolution
		HideSolutionNode = FALSE
	EndGlobalSection
	GlobalSection(ExtensibilityGlobals) = postSolution
		SolutionGuid = {BD2C8AF3-9C30-4C5B-9CD6-4FDF1117EEA9}
	EndGlobalSection
EndGlobal
